// !$*UTF8*$!
{
	archiveVersion = 1;
	classes = {
	};
	objectVersion = 46;
	objects = {

/* Begin PBXBuildFile section */
		9BC54D121A5C2A7300A96D6F /* main.swift in Sources */ = {isa = PBXBuildFile; fileRef = 9BC54D111A5C2A7300A96D6F /* main.swift */; };
		9BC54D191A5C2AC800A96D6F /* euler0-10.swift in Sources */ = {isa = PBXBuildFile; fileRef = 9BC54D181A5C2AC800A96D6F /* euler0-10.swift */; };
		9BC54D1B1A5C302900A96D6F /* ExerciseManager.swift in Sources */ = {isa = PBXBuildFile; fileRef = 9BC54D1A1A5C302900A96D6F /* ExerciseManager.swift */; };
/* End PBXBuildFile section */

/* Begin PBXCopyFilesBuildPhase section */
		9BC54D0C1A5C2A7300A96D6F /* CopyFiles */ = {
			isa = PBXCopyFilesBuildPhase;
			buildActionMask = 2147483647;
			dstPath = /usr/share/man/man1/;
			dstSubfolderSpec = 0;
			files = (
			);
			runOnlyForDeploymentPostprocessing = 1;
		};
/* End PBXCopyFilesBuildPhase section */

/* Begin PBXFileReference section */
		9BC54D0E1A5C2A7300A96D6F /* SwiftEuler */ = {isa = PBXFileReference; explicitFileType = "compiled.mach-o.executable"; includeInIndex = 0; path = SwiftEuler; sourceTree = BUILT_PRODUCTS_DIR; };
		9BC54D111A5C2A7300A96D6F /* main.swift */ = {isa = PBXFileReference; lastKnownFileType = sourcecode.swift; path = main.swift; sourceTree = "<group>"; };
		9BC54D181A5C2AC800A96D6F /* euler0-10.swift */ = {isa = PBXFileReference; fileEncoding = 4; lastKnownFileType = sourcecode.swift; path = "euler0-10.swift"; sourceTree = "<group>"; };
		9BC54D1A1A5C302900A96D6F /* ExerciseManager.swift */ = {isa = PBXFileReference; fileEncoding = 4; lastKnownFileType = sourcecode.swift; path = ExerciseManager.swift; sourceTree = "<group>"; };
/* End PBXFileReference section */

/* Begin PBXFrameworksBuildPhase section */
		9BC54D0B1A5C2A7300A96D6F /* Frameworks */ = {
			isa = PBXFrameworksBuildPhase;
			buildActionMask = 2147483647;
			files = (
			);
			runOnlyForDeploymentPostprocessing = 0;
		};
/* End PBXFrameworksBuildPhase section */

/* Begin PBXGroup section */
		9BC54D051A5C2A7300A96D6F = {
			isa = PBXGroup;
			children = (
				9BC54D101A5C2A7300A96D6F /* SwiftEuler */,
				9BC54D0F1A5C2A7300A96D6F /* Products */,
			);
			sourceTree = "<group>";
		};
		9BC54D0F1A5C2A7300A96D6F /* Products */ = {
			isa = PBXGroup;
			children = (
				9BC54D0E1A5C2A7300A96D6F /* SwiftEuler */,
			);
			name = Products;
			sourceTree = "<group>";
		};
		9BC54D101A5C2A7300A96D6F /* SwiftEuler */ = {
			isa = PBXGroup;
			children = (
				9BC54D111A5C2A7300A96D6F /* main.swift */,
				9BC54D181A5C2AC800A96D6F /* euler0-10.swift */,
				9BC54D1A1A5C302900A96D6F /* ExerciseManager.swift */,
			);
			path = SwiftEuler;
			sourceTree = "<group>";
		};
/* End PBXGroup section */

/* Begin PBXNativeTarget section */
		9BC54D0D1A5C2A7300A96D6F /* SwiftEuler */ = {
			isa = PBXNativeTarget;
			buildConfigurationList = 9BC54D151A5C2A7300A96D6F /* Build configuration list for PBXNativeTarget "SwiftEuler" */;
			buildPhases = (
				9BC54D0A1A5C2A7300A96D6F /* Sources */,
				9BC54D0B1A5C2A7300A96D6F /* Frameworks */,
				9BC54D0C1A5C2A7300A96D6F /* CopyFiles */,
			);
			buildRules = (
			);
			dependencies = (
			);
			name = SwiftEuler;
			productName = SwiftEuler;
			productReference = 9BC54D0E1A5C2A7300A96D6F /* SwiftEuler */;
			productType = "com.apple.product-type.tool";
		};
/* End PBXNativeTarget section */

/* Begin PBXProject section */
		9BC54D061A5C2A7300A96D6F /* Project object */ = {
			isa = PBXProject;
			attributes = {
				LastUpgradeCheck = 0610;
				ORGANIZATIONNAME = Ziofrtiz;
				TargetAttributes = {
					9BC54D0D1A5C2A7300A96D6F = {
						CreatedOnToolsVersion = 6.1.1;
					};
				};
			};
			buildConfigurationList = 9BC54D091A5C2A7300A96D6F /* Build configuration list for PBXProject "SwiftEuler" */;
			compatibilityVersion = "Xcode 3.2";
			developmentRegion = English;
			hasScannedForEncodings = 0;
			knownRegions = (
				en,
			);
			mainGroup = 9BC54D051A5C2A7300A96D6F;
			productRefGroup = 9BC54D0F1A5C2A7300A96D6F /* Products */;
			projectDirPath = "";
			projectRoot = "";
			targets = (
				9BC54D0D1A5C2A7300A96D6F /* SwiftEuler */,
			);
		};
/* End PBXProject section */

/* Begin PBXSourcesBuildPhase section */
		9BC54D0A1A5C2A7300A96D6F /* Sources */ = {
			isa = PBXSourcesBuildPhase;
			buildActionMask = 2147483647;
			files = (
				9BC54D1B1A5C302900A96D6F /* ExerciseManager.swift in Sources */,
				9BC54D121A5C2A7300A96D6F /* main.swift in Sources */,
				9BC54D191A5C2AC800A96D6F /* euler0-10.swift in Sources */,
			);
			runOnlyForDeploymentPostprocessing = 0;
		};
/* End PBXSourcesBuildPhase section */

/* Begin XCBuildConfiguration section */
		9BC54D131A5C2A7300A96D6F /* Debug */ = {
			isa = XCBuildConfiguration;
			buildSettings = {
				ALWAYS_SEARCH_USER_PATHS = NO;
				CLANG_CXX_LANGUAGE_STANDARD = "gnu++0x";
				CLANG_CXX_LIBRARY = "libc++";
				CLANG_ENABLE_MODULES = YES;
				CLANG_ENABLE_OBJC_ARC = YES;
				CLANG_WARN_BOOL_CONVERSION = YES;
				CLANG_WARN_CONSTANT_CONVERSION = YES;
				CLANG_WARN_DIRECT_OBJC_ISA_USAGE = YES_ERROR;
				CLANG_WARN_EMPTY_BODY = YES;
				CLANG_WARN_ENUM_CONVERSION = YES;
				CLANG_WARN_INT_CONVERSION = YES;
				CLANG_WARN_OBJC_ROOT_CLASS = YES_ERROR;
				CLANG_WARN_UNREACHABLE_CODE = YES;
				CLANG_WARN__DUPLICATE_METHOD_MATCH = YES;
				COPY_PHASE_STRIP = NO;
				ENABLE_STRICT_OBJC_MSGSEND = YES;
				GCC_C_LANGUAGE_STANDARD = gnu99;
				GCC_DYNAMIC_NO_PIC = NO;
				GCC_OPTIMIZATION_LEVEL = 0;
				GCC_PREPROCESSOR_DEFINITIONS = (
					"DEBUG=1",
					"$(inherited)",
				);
				GCC_SYMBOLS_PRIVATE_EXTERN = NO;
				GCC_WARN_64_TO_32_BIT_CONVERSION = YES;
				GCC_WARN_ABOUT_RETURN_TYPE = YES_ERROR;
				GCC_WARN_UNDECLARED_SELECTOR = YES;
				GCC_WARN_UNINITIALIZED_AUTOS = YES_AGGRESSIVE;
				GCC_WARN_UNUSED_FUNCTION = YES;
				GCC_WARN_UNUSED_VARIABLE = YES;
				MACOSX_DEPLOYMENT_TARGET = 10.10;
				MTL_ENABLE_DEBUG_INFO = YES;
				ONLY_ACTIVE_ARCH = YES;
				SDKROOT = macosx;
				SWIFT_OPTIMIZATION_LEVEL = "-Onone";
			};
			name = Debug;
		};
		9BC54D141A5C2A7300A96D6F /* Release */ = {
			isa = XCBuildConfiguration;
			buildSettings = {
				ALWAYS_SEARCH_USER_PATHS = NO;
				CLANG_CXX_LANGUAGE_STANDARD = "gnu++0x";
				CLANG_CXX_LIBRARY = "libc++";
				CLANG_ENABLE_MODULES = YES;
				CLANG_ENABLE_OBJC_ARC = YES;
				CLANG_WARN_BOOL_CONVERSION = YES;
				CLANG_WARN_CONSTANT_CONVERSION = YES;
				CLANG_WARN_DIRECT_OBJC_ISA_USAGE = YES_ERROR;
				CLANG_WARN_EMPTY_BODY = YES;
				CLANG_WARN_ENUM_CONVERSION = YES;
				CLANG_WARN_INT_CONVERSION = YES;
				CLANG_WARN_OBJC_ROOT_CLASS = YES_ERROR;
				CLANG_WARN_UNREACHABLE_CODE = YES;
				CLANG_WARN__DUPLICATE_METHOD_MATCH = YES;
				COPY_PHASE_STRIP = YES;
				DEBUG_INFORMATION_FORMAT = "dwarf-with-dsym";
				ENABLE_NS_ASSERTIONS = NO;
				ENABLE_STRICT_OBJC_MSGSEND = YES;
				GCC_C_LANGUAGE_STANDARD = gnu99;
				GCC_WARN_64_TO_32_BIT_CONVERSION = YES;
				GCC_WARN_ABOUT_RETURN_TYPE = YES_ERROR;
				GCC_WARN_UNDECLARED_SELECTOR = YES;
				GCC_WARN_UNINITIALIZED_AUTOS = YES_AGGRESSIVE;
				GCC_WARN_UNUSED_FUNCTION = YES;
				GCC_WARN_UNUSED_VARIABLE = YES;
				MACOSX_DEPLOYMENT_TARGET = 10.10;
				MTL_ENABLE_DEBUG_INFO = NO;
				SDKROOT = macosx;
			};
			name = Release;
		};
		9BC54D161A5C2A7300A96D6F /* Debug */ = {
			isa = XCBuildConfiguration;
			buildSettings = {
				PRODUCT_NAME = "$(TARGET_NAME)";
			};
			name = Debug;
		};
		9BC54D171A5C2A7300A96D6F /* Release */ = {
			isa = XCBuildConfiguration;
			buildSettings = {
				PRODUCT_NAME = "$(TARGET_NAME)";
			};
			name = Release;
		};
/* End XCBuildConfiguration section */

/* Begin XCConfigurationList section */
		9BC54D091A5C2A7300A96D6F /* Build configuration list for PBXProject "SwiftEuler" */ = {
			isa = XCConfigurationList;
			buildConfigurations = (
				9BC54D131A5C2A7300A96D6F /* Debug */,
				9BC54D141A5C2A7300A96D6F /* Release */,
			);
			defaultConfigurationIsVisible = 0;
			defaultConfigurationName = Release;
		};
		9BC54D151A5C2A7300A96D6F /* Build configuration list for PBXNativeTarget "SwiftEuler" */ = {
			isa = XCConfigurationList;
			buildConfigurations = (
				9BC54D161A5C2A7300A96D6F /* Debug */,
				9BC54D171A5C2A7300A96D6F /* Release */,
			);
			defaultConfigurationIsVisible = 0;
		};
/* End XCConfigurationList section */
	};
	rootObject = 9BC54D061A5C2A7300A96D6F /* Project object */;
}
