// !$*UTF8*$!
{
	archiveVersion = 1;
	classes = {
	};
	objectVersion = 46;
	objects = {

/* Begin PBXBuildFile section */
		9BC54CEB1A5C29D600A96D6F /* AppDelegate.swift in Sources */ = {isa = PBXBuildFile; fileRef = 9BC54CEA1A5C29D600A96D6F /* AppDelegate.swift */; };
		9BC54CED1A5C29D600A96D6F /* Images.xcassets in Resources */ = {isa = PBXBuildFile; fileRef = 9BC54CEC1A5C29D600A96D6F /* Images.xcassets */; };
		9BC54CF01A5C29D600A96D6F /* MainMenu.xib in Resources */ = {isa = PBXBuildFile; fileRef = 9BC54CEE1A5C29D600A96D6F /* MainMenu.xib */; };
		9BC54CFC1A5C29D600A96D6F /* SwiftEulerTests.swift in Sources */ = {isa = PBXBuildFile; fileRef = 9BC54CFB1A5C29D600A96D6F /* SwiftEulerTests.swift */; };
/* End PBXBuildFile section */

/* Begin PBXContainerItemProxy section */
		9BC54CF61A5C29D600A96D6F /* PBXContainerItemProxy */ = {
			isa = PBXContainerItemProxy;
			containerPortal = 9BC54CDD1A5C29D600A96D6F /* Project object */;
			proxyType = 1;
			remoteGlobalIDString = 9BC54CE41A5C29D600A96D6F;
			remoteInfo = SwiftEuler;
		};
/* End PBXContainerItemProxy section */

/* Begin PBXFileReference section */
		9BC54CE51A5C29D600A96D6F /* SwiftEuler.app */ = {isa = PBXFileReference; explicitFileType = wrapper.application; includeInIndex = 0; path = SwiftEuler.app; sourceTree = BUILT_PRODUCTS_DIR; };
		9BC54CE91A5C29D600A96D6F /* Info.plist */ = {isa = PBXFileReference; lastKnownFileType = text.plist.xml; path = Info.plist; sourceTree = "<group>"; };
		9BC54CEA1A5C29D600A96D6F /* AppDelegate.swift */ = {isa = PBXFileReference; lastKnownFileType = sourcecode.swift; path = AppDelegate.swift; sourceTree = "<group>"; };
		9BC54CEC1A5C29D600A96D6F /* Images.xcassets */ = {isa = PBXFileReference; lastKnownFileType = folder.assetcatalog; path = Images.xcassets; sourceTree = "<group>"; };
		9BC54CEF1A5C29D600A96D6F /* Base */ = {isa = PBXFileReference; lastKnownFileType = file.xib; name = Base; path = Base.lproj/MainMenu.xib; sourceTree = "<group>"; };
		9BC54CF51A5C29D600A96D6F /* SwiftEulerTests.xctest */ = {isa = PBXFileReference; explicitFileType = wrapper.cfbundle; includeInIndex = 0; path = SwiftEulerTests.xctest; sourceTree = BUILT_PRODUCTS_DIR; };
		9BC54CFA1A5C29D600A96D6F /* Info.plist */ = {isa = PBXFileReference; lastKnownFileType = text.plist.xml; path = Info.plist; sourceTree = "<group>"; };
		9BC54CFB1A5C29D600A96D6F /* SwiftEulerTests.swift */ = {isa = PBXFileReference; lastKnownFileType = sourcecode.swift; path = SwiftEulerTests.swift; sourceTree = "<group>"; };
/* End PBXFileReference section */

/* Begin PBXFrameworksBuildPhase section */
		9BC54CE21A5C29D600A96D6F /* Frameworks */ = {
			isa = PBXFrameworksBuildPhase;
			buildActionMask = 2147483647;
			files = (
			);
			runOnlyForDeploymentPostprocessing = 0;
		};
		9BC54CF21A5C29D600A96D6F /* Frameworks */ = {
			isa = PBXFrameworksBuildPhase;
			buildActionMask = 2147483647;
			files = (
			);
			runOnlyForDeploymentPostprocessing = 0;
		};
/* End PBXFrameworksBuildPhase section */

/* Begin PBXGroup section */
		9BC54CDC1A5C29D600A96D6F = {
			isa = PBXGroup;
			children = (
				9BC54CE71A5C29D600A96D6F /* SwiftEuler */,
				9BC54CF81A5C29D600A96D6F /* SwiftEulerTests */,
				9BC54CE61A5C29D600A96D6F /* Products */,
			);
			sourceTree = "<group>";
		};
		9BC54CE61A5C29D600A96D6F /* Products */ = {
			isa = PBXGroup;
			children = (
				9BC54CE51A5C29D600A96D6F /* SwiftEuler.app */,
				9BC54CF51A5C29D600A96D6F /* SwiftEulerTests.xctest */,
			);
			name = Products;
			sourceTree = "<group>";
		};
		9BC54CE71A5C29D600A96D6F /* SwiftEuler */ = {
			isa = PBXGroup;
			children = (
				9BC54CEA1A5C29D600A96D6F /* AppDelegate.swift */,
				9BC54CEC1A5C29D600A96D6F /* Images.xcassets */,
				9BC54CEE1A5C29D600A96D6F /* MainMenu.xib */,
				9BC54CE81A5C29D600A96D6F /* Supporting Files */,
			);
			path = SwiftEuler;
			sourceTree = "<group>";
		};
		9BC54CE81A5C29D600A96D6F /* Supporting Files */ = {
			isa = PBXGroup;
			children = (
				9BC54CE91A5C29D600A96D6F /* Info.plist */,
			);
			name = "Supporting Files";
			sourceTree = "<group>";
		};
		9BC54CF81A5C29D600A96D6F /* SwiftEulerTests */ = {
			isa = PBXGroup;
			children = (
				9BC54CFB1A5C29D600A96D6F /* SwiftEulerTests.swift */,
				9BC54CF91A5C29D600A96D6F /* Supporting Files */,
			);
			path = SwiftEulerTests;
			sourceTree = "<group>";
		};
		9BC54CF91A5C29D600A96D6F /* Supporting Files */ = {
			isa = PBXGroup;
			children = (
				9BC54CFA1A5C29D600A96D6F /* Info.plist */,
			);
			name = "Supporting Files";
			sourceTree = "<group>";
		};
/* End PBXGroup section */

/* Begin PBXNativeTarget section */
		9BC54CE41A5C29D600A96D6F /* SwiftEuler */ = {
			isa = PBXNativeTarget;
			buildConfigurationList = 9BC54CFF1A5C29D600A96D6F /* Build configuration list for PBXNativeTarget "SwiftEuler" */;
			buildPhases = (
				9BC54CE11A5C29D600A96D6F /* Sources */,
				9BC54CE21A5C29D600A96D6F /* Frameworks */,
				9BC54CE31A5C29D600A96D6F /* Resources */,
			);
			buildRules = (
			);
			dependencies = (
			);
			name = SwiftEuler;
			productName = SwiftEuler;
			productReference = 9BC54CE51A5C29D600A96D6F /* SwiftEuler.app */;
			productType = "com.apple.product-type.application";
		};
		9BC54CF41A5C29D600A96D6F /* SwiftEulerTests */ = {
			isa = PBXNativeTarget;
			buildConfigurationList = 9BC54D021A5C29D600A96D6F /* Build configuration list for PBXNativeTarget "SwiftEulerTests" */;
			buildPhases = (
				9BC54CF11A5C29D600A96D6F /* Sources */,
				9BC54CF21A5C29D600A96D6F /* Frameworks */,
				9BC54CF31A5C29D600A96D6F /* Resources */,
			);
			buildRules = (
			);
			dependencies = (
				9BC54CF71A5C29D600A96D6F /* PBXTargetDependency */,
			);
			name = SwiftEulerTests;
			productName = SwiftEulerTests;
			productReference = 9BC54CF51A5C29D600A96D6F /* SwiftEulerTests.xctest */;
			productType = "com.apple.product-type.bundle.unit-test";
		};
/* End PBXNativeTarget section */

/* Begin PBXProject section */
		9BC54CDD1A5C29D600A96D6F /* Project object */ = {
			isa = PBXProject;
			attributes = {
				LastUpgradeCheck = 0610;
				ORGANIZATIONNAME = Ziofrtiz;
				TargetAttributes = {
					9BC54CE41A5C29D600A96D6F = {
						CreatedOnToolsVersion = 6.1.1;
					};
					9BC54CF41A5C29D600A96D6F = {
						CreatedOnToolsVersion = 6.1.1;
						TestTargetID = 9BC54CE41A5C29D600A96D6F;
					};
				};
			};
			buildConfigurationList = 9BC54CE01A5C29D600A96D6F /* Build configuration list for PBXProject "SwiftEuler" */;
			compatibilityVersion = "Xcode 3.2";
			developmentRegion = English;
			hasScannedForEncodings = 0;
			knownRegions = (
				en,
				Base,
			);
			mainGroup = 9BC54CDC1A5C29D600A96D6F;
			productRefGroup = 9BC54CE61A5C29D600A96D6F /* Products */;
			projectDirPath = "";
			projectRoot = "";
			targets = (
				9BC54CE41A5C29D600A96D6F /* SwiftEuler */,
				9BC54CF41A5C29D600A96D6F /* SwiftEulerTests */,
			);
		};
/* End PBXProject section */

/* Begin PBXResourcesBuildPhase section */
		9BC54CE31A5C29D600A96D6F /* Resources */ = {
			isa = PBXResourcesBuildPhase;
			buildActionMask = 2147483647;
			files = (
				9BC54CED1A5C29D600A96D6F /* Images.xcassets in Resources */,
				9BC54CF01A5C29D600A96D6F /* MainMenu.xib in Resources */,
			);
			runOnlyForDeploymentPostprocessing = 0;
		};
		9BC54CF31A5C29D600A96D6F /* Resources */ = {
			isa = PBXResourcesBuildPhase;
			buildActionMask = 2147483647;
			files = (
			);
			runOnlyForDeploymentPostprocessing = 0;
		};
/* End PBXResourcesBuildPhase section */

/* Begin PBXSourcesBuildPhase section */
		9BC54CE11A5C29D600A96D6F /* Sources */ = {
			isa = PBXSourcesBuildPhase;
			buildActionMask = 2147483647;
			files = (
				9BC54CEB1A5C29D600A96D6F /* AppDelegate.swift in Sources */,
			);
			runOnlyForDeploymentPostprocessing = 0;
		};
		9BC54CF11A5C29D600A96D6F /* Sources */ = {
			isa = PBXSourcesBuildPhase;
			buildActionMask = 2147483647;
			files = (
				9BC54CFC1A5C29D600A96D6F /* SwiftEulerTests.swift in Sources */,
			);
			runOnlyForDeploymentPostprocessing = 0;
		};
/* End PBXSourcesBuildPhase section */

/* Begin PBXTargetDependency section */
		9BC54CF71A5C29D600A96D6F /* PBXTargetDependency */ = {
			isa = PBXTargetDependency;
			target = 9BC54CE41A5C29D600A96D6F /* SwiftEuler */;
			targetProxy = 9BC54CF61A5C29D600A96D6F /* PBXContainerItemProxy */;
		};
/* End PBXTargetDependency section */

/* Begin PBXVariantGroup section */
		9BC54CEE1A5C29D600A96D6F /* MainMenu.xib */ = {
			isa = PBXVariantGroup;
			children = (
				9BC54CEF1A5C29D600A96D6F /* Base */,
			);
			name = MainMenu.xib;
			sourceTree = "<group>";
		};
/* End PBXVariantGroup section */

/* Begin XCBuildConfiguration section */
		9BC54CFD1A5C29D600A96D6F /* Debug */ = {
			isa = XCBuildConfiguration;
			buildSettings = {
				ALWAYS_SEARCH_USER_PATHS = NO;
				CLANG_CXX_LANGUAGE_STANDARD = "gnu++0x";
				CLANG_CXX_LIBRARY = "libc++";
				CLANG_ENABLE_MODULES = YES;
				CLANG_ENABLE_OBJC_ARC = YES;
				CLANG_WARN_BOOL_CONVERSION = YES;
				CLANG_WARN_CONSTANT_CONVERSION = YES;
				CLANG_WARN_DIRECT_OBJC_ISA_USAGE = YES_ERROR;
				CLANG_WARN_EMPTY_BODY = YES;
				CLANG_WARN_ENUM_CONVERSION = YES;
				CLANG_WARN_INT_CONVERSION = YES;
				CLANG_WARN_OBJC_ROOT_CLASS = YES_ERROR;
				CLANG_WARN_UNREACHABLE_CODE = YES;
				CLANG_WARN__DUPLICATE_METHOD_MATCH = YES;
				CODE_SIGN_IDENTITY = "-";
				COPY_PHASE_STRIP = NO;
				ENABLE_STRICT_OBJC_MSGSEND = YES;
				GCC_C_LANGUAGE_STANDARD = gnu99;
				GCC_DYNAMIC_NO_PIC = NO;
				GCC_OPTIMIZATION_LEVEL = 0;
				GCC_PREPROCESSOR_DEFINITIONS = (
					"DEBUG=1",
					"$(inherited)",
				);
				GCC_SYMBOLS_PRIVATE_EXTERN = NO;
				GCC_WARN_64_TO_32_BIT_CONVERSION = YES;
				GCC_WARN_ABOUT_RETURN_TYPE = YES_ERROR;
				GCC_WARN_UNDECLARED_SELECTOR = YES;
				GCC_WARN_UNINITIALIZED_AUTOS = YES_AGGRESSIVE;
				GCC_WARN_UNUSED_FUNCTION = YES;
				GCC_WARN_UNUSED_VARIABLE = YES;
				MACOSX_DEPLOYMENT_TARGET = 10.10;
				MTL_ENABLE_DEBUG_INFO = YES;
				ONLY_ACTIVE_ARCH = YES;
				SDKROOT = macosx;
				SWIFT_OPTIMIZATION_LEVEL = "-Onone";
			};
			name = Debug;
		};
		9BC54CFE1A5C29D600A96D6F /* Release */ = {
			isa = XCBuildConfiguration;
			buildSettings = {
				ALWAYS_SEARCH_USER_PATHS = NO;
				CLANG_CXX_LANGUAGE_STANDARD = "gnu++0x";
				CLANG_CXX_LIBRARY = "libc++";
				CLANG_ENABLE_MODULES = YES;
				CLANG_ENABLE_OBJC_ARC = YES;
				CLANG_WARN_BOOL_CONVERSION = YES;
				CLANG_WARN_CONSTANT_CONVERSION = YES;
				CLANG_WARN_DIRECT_OBJC_ISA_USAGE = YES_ERROR;
				CLANG_WARN_EMPTY_BODY = YES;
				CLANG_WARN_ENUM_CONVERSION = YES;
				CLANG_WARN_INT_CONVERSION = YES;
				CLANG_WARN_OBJC_ROOT_CLASS = YES_ERROR;
				CLANG_WARN_UNREACHABLE_CODE = YES;
				CLANG_WARN__DUPLICATE_METHOD_MATCH = YES;
				CODE_SIGN_IDENTITY = "-";
				COPY_PHASE_STRIP = YES;
				DEBUG_INFORMATION_FORMAT = "dwarf-with-dsym";
				ENABLE_NS_ASSERTIONS = NO;
				ENABLE_STRICT_OBJC_MSGSEND = YES;
				GCC_C_LANGUAGE_STANDARD = gnu99;
				GCC_WARN_64_TO_32_BIT_CONVERSION = YES;
				GCC_WARN_ABOUT_RETURN_TYPE = YES_ERROR;
				GCC_WARN_UNDECLARED_SELECTOR = YES;
				GCC_WARN_UNINITIALIZED_AUTOS = YES_AGGRESSIVE;
				GCC_WARN_UNUSED_FUNCTION = YES;
				GCC_WARN_UNUSED_VARIABLE = YES;
				MACOSX_DEPLOYMENT_TARGET = 10.10;
				MTL_ENABLE_DEBUG_INFO = NO;
				SDKROOT = macosx;
			};
			name = Release;
		};
		9BC54D001A5C29D600A96D6F /* Debug */ = {
			isa = XCBuildConfiguration;
			buildSettings = {
				ASSETCATALOG_COMPILER_APPICON_NAME = AppIcon;
				COMBINE_HIDPI_IMAGES = YES;
				INFOPLIST_FILE = SwiftEuler/Info.plist;
				LD_RUNPATH_SEARCH_PATHS = "$(inherited) @executable_path/../Frameworks";
				PRODUCT_NAME = "$(TARGET_NAME)";
			};
			name = Debug;
		};
		9BC54D011A5C29D600A96D6F /* Release */ = {
			isa = XCBuildConfiguration;
			buildSettings = {
				ASSETCATALOG_COMPILER_APPICON_NAME = AppIcon;
				COMBINE_HIDPI_IMAGES = YES;
				INFOPLIST_FILE = SwiftEuler/Info.plist;
				LD_RUNPATH_SEARCH_PATHS = "$(inherited) @executable_path/../Frameworks";
				PRODUCT_NAME = "$(TARGET_NAME)";
			};
			name = Release;
		};
		9BC54D031A5C29D600A96D6F /* Debug */ = {
			isa = XCBuildConfiguration;
			buildSettings = {
				BUNDLE_LOADER = "$(TEST_HOST)";
				COMBINE_HIDPI_IMAGES = YES;
				FRAMEWORK_SEARCH_PATHS = (
					"$(DEVELOPER_FRAMEWORKS_DIR)",
					"$(inherited)",
				);
				GCC_PREPROCESSOR_DEFINITIONS = (
					"DEBUG=1",
					"$(inherited)",
				);
				INFOPLIST_FILE = SwiftEulerTests/Info.plist;
				LD_RUNPATH_SEARCH_PATHS = "$(inherited) @executable_path/../Frameworks @loader_path/../Frameworks";
				PRODUCT_NAME = "$(TARGET_NAME)";
				TEST_HOST = "$(BUILT_PRODUCTS_DIR)/SwiftEuler.app/Contents/MacOS/SwiftEuler";
			};
			name = Debug;
		};
		9BC54D041A5C29D600A96D6F /* Release */ = {
			isa = XCBuildConfiguration;
			buildSettings = {
				BUNDLE_LOADER = "$(TEST_HOST)";
				COMBINE_HIDPI_IMAGES = YES;
				FRAMEWORK_SEARCH_PATHS = (
					"$(DEVELOPER_FRAMEWORKS_DIR)",
					"$(inherited)",
				);
				INFOPLIST_FILE = SwiftEulerTests/Info.plist;
				LD_RUNPATH_SEARCH_PATHS = "$(inherited) @executable_path/../Frameworks @loader_path/../Frameworks";
				PRODUCT_NAME = "$(TARGET_NAME)";
				TEST_HOST = "$(BUILT_PRODUCTS_DIR)/SwiftEuler.app/Contents/MacOS/SwiftEuler";
			};
			name = Release;
		};
/* End XCBuildConfiguration section */

/* Begin XCConfigurationList section */
		9BC54CE01A5C29D600A96D6F /* Build configuration list for PBXProject "SwiftEuler" */ = {
			isa = XCConfigurationList;
			buildConfigurations = (
				9BC54CFD1A5C29D600A96D6F /* Debug */,
				9BC54CFE1A5C29D600A96D6F /* Release */,
			);
			defaultConfigurationIsVisible = 0;
			defaultConfigurationName = Release;
		};
		9BC54CFF1A5C29D600A96D6F /* Build configuration list for PBXNativeTarget "SwiftEuler" */ = {
			isa = XCConfigurationList;
			buildConfigurations = (
				9BC54D001A5C29D600A96D6F /* Debug */,
				9BC54D011A5C29D600A96D6F /* Release */,
			);
			defaultConfigurationIsVisible = 0;
		};
		9BC54D021A5C29D600A96D6F /* Build configuration list for PBXNativeTarget "SwiftEulerTests" */ = {
			isa = XCConfigurationList;
			buildConfigurations = (
				9BC54D031A5C29D600A96D6F /* Debug */,
				9BC54D041A5C29D600A96D6F /* Release */,
			);
			defaultConfigurationIsVisible = 0;
		};
/* End XCConfigurationList section */
	};
	rootObject = 9BC54CDD1A5C29D600A96D6F /* Project object */;
}
